
Microsoft Visual Studio Solution File, Format Version 12.00
# Visual Studio Version 17
VisualStudioVersion = 17.11.35208.52
MinimumVisualStudioVersion = 10.0.40219.1
Project("{FAE04EC0-301F-11D3-BF4B-00C04F79EFBC}") = "APIFuente", "APIFuente.csproj", "{D92EBD98-E707-4CD1-BCD2-51CE3CE8561D}"
EndProject
Global
	GlobalSection(SolutionConfigurationPlatforms) = preSolution
		Debug|Any CPU = Debug|Any CPU
		Release|Any CPU = Release|Any CPU
	EndGlobalSection
	GlobalSection(ProjectConfigurationPlatforms) = postSolution
		{D92EBD98-E707-4CD1-BCD2-51CE3CE8561D}.Debug|Any CPU.ActiveCfg = Debug|Any CPU
		{D92EBD98-E707-4CD1-BCD2-51CE3CE8561D}.Debug|Any CPU.Build.0 = Debug|Any CPU
		{D92EBD98-E707-4CD1-BCD2-51CE3CE8561D}.Release|Any CPU.ActiveCfg = Release|Any CPU
		{D92EBD98-E707-4CD1-BCD2-51CE3CE8561D}.Release|Any CPU.Build.0 = Release|Any CPU
	EndGlobalSection
	GlobalSection(SolutionProperties) = preSolution
		HideSolutionNode = FALSE
	EndGlobalSection
	GlobalSection(ExtensibilityGlobals) = postSolution
		SolutionGuid = {C616C265-11A4-4CCA-BBC7-16557777F083}
	EndGlobalSection
EndGlobal
