
Microsoft Visual Studio Solution File, Format Version 12.00
# Visual Studio Version 17
VisualStudioVersion = 17.11.35208.52
MinimumVisualStudioVersion = 10.0.40219.1
Project("{FAE04EC0-301F-11D3-BF4B-00C04F79EFBC}") = "APIDIVISION", "APIDIVISION.csproj", "{6F031B17-0E44-41C0-84D9-84E9B66B33F2}"
EndProject
Project("{FAE04EC0-301F-11D3-BF4B-00C04F79EFBC}") = "Biblio", "..\Biblio\Biblio.csproj", "{4317DDB1-3A4B-42C1-9EB5-6FD7F1A02501}"
EndProject
Global
	GlobalSection(SolutionConfigurationPlatforms) = preSolution
		Debug|Any CPU = Debug|Any CPU
		Release|Any CPU = Release|Any CPU
	EndGlobalSection
	GlobalSection(ProjectConfigurationPlatforms) = postSolution
		{6F031B17-0E44-41C0-84D9-84E9B66B33F2}.Debug|Any CPU.ActiveCfg = Debug|Any CPU
		{6F031B17-0E44-41C0-84D9-84E9B66B33F2}.Debug|Any CPU.Build.0 = Debug|Any CPU
		{6F031B17-0E44-41C0-84D9-84E9B66B33F2}.Release|Any CPU.ActiveCfg = Release|Any CPU
		{6F031B17-0E44-41C0-84D9-84E9B66B33F2}.Release|Any CPU.Build.0 = Release|Any CPU
		{4317DDB1-3A4B-42C1-9EB5-6FD7F1A02501}.Debug|Any CPU.ActiveCfg = Debug|Any CPU
		{4317DDB1-3A4B-42C1-9EB5-6FD7F1A02501}.Debug|Any CPU.Build.0 = Debug|Any CPU
		{4317DDB1-3A4B-42C1-9EB5-6FD7F1A02501}.Release|Any CPU.ActiveCfg = Release|Any CPU
		{4317DDB1-3A4B-42C1-9EB5-6FD7F1A02501}.Release|Any CPU.Build.0 = Release|Any CPU
	EndGlobalSection
	GlobalSection(SolutionProperties) = preSolution
		HideSolutionNode = FALSE
	EndGlobalSection
	GlobalSection(ExtensibilityGlobals) = postSolution
		SolutionGuid = {E5FB8EB5-60D4-4650-AA91-EF314978293F}
	EndGlobalSection
EndGlobal
