
Microsoft Visual Studio Solution File, Format Version 12.00
# Visual Studio Version 17
VisualStudioVersion = 17.11.35208.52
MinimumVisualStudioVersion = 10.0.40219.1
Project("{FAE04EC0-301F-11D3-BF4B-00C04F79EFBC}") = "MVCtexto", "MVCtexto.csproj", "{A556C55E-DDC9-4CD0-9F3E-4D3BA4DE2636}"
EndProject
Global
	GlobalSection(SolutionConfigurationPlatforms) = preSolution
		Debug|Any CPU = Debug|Any CPU
		Release|Any CPU = Release|Any CPU
	EndGlobalSection
	GlobalSection(ProjectConfigurationPlatforms) = postSolution
		{A556C55E-DDC9-4CD0-9F3E-4D3BA4DE2636}.Debug|Any CPU.ActiveCfg = Debug|Any CPU
		{A556C55E-DDC9-4CD0-9F3E-4D3BA4DE2636}.Debug|Any CPU.Build.0 = Debug|Any CPU
		{A556C55E-DDC9-4CD0-9F3E-4D3BA4DE2636}.Release|Any CPU.ActiveCfg = Release|Any CPU
		{A556C55E-DDC9-4CD0-9F3E-4D3BA4DE2636}.Release|Any CPU.Build.0 = Release|Any CPU
	EndGlobalSection
	GlobalSection(SolutionProperties) = preSolution
		HideSolutionNode = FALSE
	EndGlobalSection
	GlobalSection(ExtensibilityGlobals) = postSolution
		SolutionGuid = {35FBDE44-7C95-4317-B5E5-70A219258B3D}
	EndGlobalSection
EndGlobal
