
Microsoft Visual Studio Solution File, Format Version 12.00
# Visual Studio Version 17
VisualStudioVersion = 17.11.35208.52
MinimumVisualStudioVersion = 10.0.40219.1
Project("{FAE04EC0-301F-11D3-BF4B-00C04F79EFBC}") = "APIPAISES", "APIPAISES.csproj", "{2E7A0A8A-573A-443F-8AC8-9DD0818A7603}"
EndProject
Global
	GlobalSection(SolutionConfigurationPlatforms) = preSolution
		Debug|Any CPU = Debug|Any CPU
		Release|Any CPU = Release|Any CPU
	EndGlobalSection
	GlobalSection(ProjectConfigurationPlatforms) = postSolution
		{2E7A0A8A-573A-443F-8AC8-9DD0818A7603}.Debug|Any CPU.ActiveCfg = Debug|Any CPU
		{2E7A0A8A-573A-443F-8AC8-9DD0818A7603}.Debug|Any CPU.Build.0 = Debug|Any CPU
		{2E7A0A8A-573A-443F-8AC8-9DD0818A7603}.Release|Any CPU.ActiveCfg = Release|Any CPU
		{2E7A0A8A-573A-443F-8AC8-9DD0818A7603}.Release|Any CPU.Build.0 = Release|Any CPU
	EndGlobalSection
	GlobalSection(SolutionProperties) = preSolution
		HideSolutionNode = FALSE
	EndGlobalSection
	GlobalSection(ExtensibilityGlobals) = postSolution
		SolutionGuid = {CEDFFFAA-2391-4BC1-92F8-7BBD5855953C}
	EndGlobalSection
EndGlobal
