
Microsoft Visual Studio Solution File, Format Version 12.00
# Visual Studio Version 17
VisualStudioVersion = 17.11.35208.52
MinimumVisualStudioVersion = 10.0.40219.1
Project("{FAE04EC0-301F-11D3-BF4B-00C04F79EFBC}") = "MultiplicacionAPI", "MultiplicacionAPI.csproj", "{FA98B714-F708-4C1F-B8A8-19E549F3EAA8}"
EndProject
Project("{FAE04EC0-301F-11D3-BF4B-00C04F79EFBC}") = "SERVICE", "..\SERVICE\SERVICE.csproj", "{F07AEEA7-BAF2-4565-8700-E61EA1BCF230}"
EndProject
Global
	GlobalSection(SolutionConfigurationPlatforms) = preSolution
		Debug|Any CPU = Debug|Any CPU
		Release|Any CPU = Release|Any CPU
	EndGlobalSection
	GlobalSection(ProjectConfigurationPlatforms) = postSolution
		{FA98B714-F708-4C1F-B8A8-19E549F3EAA8}.Debug|Any CPU.ActiveCfg = Debug|Any CPU
		{FA98B714-F708-4C1F-B8A8-19E549F3EAA8}.Debug|Any CPU.Build.0 = Debug|Any CPU
		{FA98B714-F708-4C1F-B8A8-19E549F3EAA8}.Release|Any CPU.ActiveCfg = Release|Any CPU
		{FA98B714-F708-4C1F-B8A8-19E549F3EAA8}.Release|Any CPU.Build.0 = Release|Any CPU
		{F07AEEA7-BAF2-4565-8700-E61EA1BCF230}.Debug|Any CPU.ActiveCfg = Debug|Any CPU
		{F07AEEA7-BAF2-4565-8700-E61EA1BCF230}.Debug|Any CPU.Build.0 = Debug|Any CPU
		{F07AEEA7-BAF2-4565-8700-E61EA1BCF230}.Release|Any CPU.ActiveCfg = Release|Any CPU
		{F07AEEA7-BAF2-4565-8700-E61EA1BCF230}.Release|Any CPU.Build.0 = Release|Any CPU
	EndGlobalSection
	GlobalSection(SolutionProperties) = preSolution
		HideSolutionNode = FALSE
	EndGlobalSection
	GlobalSection(ExtensibilityGlobals) = postSolution
		SolutionGuid = {A174EA4D-3844-459C-9BFA-FB0EB6422ABE}
	EndGlobalSection
EndGlobal
